
Microsoft Visual Studio Solution File, Format Version 12.00
# Visual Studio Version 17
VisualStudioVersion = 17.5.002.0
MinimumVisualStudioVersion = 10.0.40219.1
Project("{9A19103F-16F7-4668-BE54-9A1E7A4F7556}") = "HandsOn9", "HandsOn9\HandsOn9.csproj", "{EBF8CD0C-453D-4517-9C0A-43A62E45DDC9}"
EndProject
Global
	GlobalSection(SolutionConfigurationPlatforms) = preSolution
		Debug|Any CPU = Debug|Any CPU
		Release|Any CPU = Release|Any CPU
	EndGlobalSection
	GlobalSection(ProjectConfigurationPlatforms) = postSolution
		{EBF8CD0C-453D-4517-9C0A-43A62E45DDC9}.Debug|Any CPU.ActiveCfg = Debug|Any CPU
		{EBF8CD0C-453D-4517-9C0A-43A62E45DDC9}.Debug|Any CPU.Build.0 = Debug|Any CPU
		{EBF8CD0C-453D-4517-9C0A-43A62E45DDC9}.Release|Any CPU.ActiveCfg = Release|Any CPU
		{EBF8CD0C-453D-4517-9C0A-43A62E45DDC9}.Release|Any CPU.Build.0 = Release|Any CPU
	EndGlobalSection
	GlobalSection(SolutionProperties) = preSolution
		HideSolutionNode = FALSE
	EndGlobalSection
	GlobalSection(ExtensibilityGlobals) = postSolution
		SolutionGuid = {182B1922-3852-4EFA-9D6D-C715F1F0704D}
	EndGlobalSection
EndGlobal
